// !$*UTF8*$!
{
	archiveVersion = 1;
	classes = {
	};
	objectVersion = 46;
	objects = {

/* Begin PBXBuildFile section */
		F04EBE1A1CE2330500781514 /* DynamicObject.h in Headers */ = {isa = PBXBuildFile; fileRef = F04EBE191CE2330500781514 /* DynamicObject.h */; settings = {ATTRIBUTES = (Public, ); }; };
		F04EBE211CE2330500781514 /* DynamicObject.framework in Frameworks */ = {isa = PBXBuildFile; fileRef = F04EBE161CE2330500781514 /* DynamicObject.framework */; };
		F04EBE261CE2330500781514 /* DynamicObjectTests.m in Sources */ = {isa = PBXBuildFile; fileRef = F04EBE251CE2330500781514 /* DynamicObjectTests.m */; };
/* End PBXBuildFile section */

/* Begin PBXContainerItemProxy section */
		F04EBE221CE2330500781514 /* PBXContainerItemProxy */ = {
			isa = PBXContainerItemProxy;
			containerPortal = F04EBE0D1CE2330500781514 /* Project object */;
			proxyType = 1;
			remoteGlobalIDString = F04EBE151CE2330500781514;
			remoteInfo = DynamicObject;
		};
/* End PBXContainerItemProxy section */

/* Begin PBXFileReference section */
		F04EBE161CE2330500781514 /* DynamicObject.framework */ = {isa = PBXFileReference; explicitFileType = wrapper.framework; includeInIndex = 0; path = DynamicObject.framework; sourceTree = BUILT_PRODUCTS_DIR; };
		F04EBE191CE2330500781514 /* DynamicObject.h */ = {isa = PBXFileReference; lastKnownFileType = sourcecode.c.h; path = DynamicObject.h; sourceTree = "<group>"; };
		F04EBE1B1CE2330500781514 /* Info.plist */ = {isa = PBXFileReference; lastKnownFileType = text.plist.xml; path = Info.plist; sourceTree = "<group>"; };
		F04EBE201CE2330500781514 /* DynamicObjectTests.xctest */ = {isa = PBXFileReference; explicitFileType = wrapper.cfbundle; includeInIndex = 0; path = DynamicObjectTests.xctest; sourceTree = BUILT_PRODUCTS_DIR; };
		F04EBE251CE2330500781514 /* DynamicObjectTests.m */ = {isa = PBXFileReference; lastKnownFileType = sourcecode.c.objc; path = DynamicObjectTests.m; sourceTree = "<group>"; };
		F04EBE271CE2330500781514 /* Info.plist */ = {isa = PBXFileReference; lastKnownFileType = text.plist.xml; path = Info.plist; sourceTree = "<group>"; };
/* End PBXFileReference section */

/* Begin PBXFrameworksBuildPhase section */
		F04EBE121CE2330500781514 /* Frameworks */ = {
			isa = PBXFrameworksBuildPhase;
			buildActionMask = 2147483647;
			files = (
			);
			runOnlyForDeploymentPostprocessing = 0;
		};
		F04EBE1D1CE2330500781514 /* Frameworks */ = {
			isa = PBXFrameworksBuildPhase;
			buildActionMask = 2147483647;
			files = (
				F04EBE211CE2330500781514 /* DynamicObject.framework in Frameworks */,
			);
			runOnlyForDeploymentPostprocessing = 0;
		};
/* End PBXFrameworksBuildPhase section */

/* Begin PBXGroup section */
		F04EBE0C1CE2330500781514 = {
			isa = PBXGroup;
			children = (
				F04EBE181CE2330500781514 /* DynamicObject */,
				F04EBE241CE2330500781514 /* DynamicObjectTests */,
				F04EBE171CE2330500781514 /* Products */,
			);
			sourceTree = "<group>";
		};
		F04EBE171CE2330500781514 /* Products */ = {
			isa = PBXGroup;
			children = (
				F04EBE161CE2330500781514 /* DynamicObject.framework */,
				F04EBE201CE2330500781514 /* DynamicObjectTests.xctest */,
			);
			name = Products;
			sourceTree = "<group>";
		};
		F04EBE181CE2330500781514 /* DynamicObject */ = {
			isa = PBXGroup;
			children = (
				F04EBE191CE2330500781514 /* DynamicObject.h */,
				F04EBE1B1CE2330500781514 /* Info.plist */,
			);
			path = DynamicObject;
			sourceTree = "<group>";
		};
		F04EBE241CE2330500781514 /* DynamicObjectTests */ = {
			isa = PBXGroup;
			children = (
				F04EBE251CE2330500781514 /* DynamicObjectTests.m */,
				F04EBE271CE2330500781514 /* Info.plist */,
			);
			path = DynamicObjectTests;
			sourceTree = "<group>";
		};
/* End PBXGroup section */

/* Begin PBXHeadersBuildPhase section */
		F04EBE131CE2330500781514 /* Headers */ = {
			isa = PBXHeadersBuildPhase;
			buildActionMask = 2147483647;
			files = (
				F04EBE1A1CE2330500781514 /* DynamicObject.h in Headers */,
			);
			runOnlyForDeploymentPostprocessing = 0;
		};
/* End PBXHeadersBuildPhase section */

/* Begin PBXNativeTarget section */
		F04EBE151CE2330500781514 /* DynamicObject */ = {
			isa = PBXNativeTarget;
			buildConfigurationList = F04EBE2A1CE2330500781514 /* Build configuration list for PBXNativeTarget "DynamicObject" */;
			buildPhases = (
				F04EBE111CE2330500781514 /* Sources */,
				F04EBE121CE2330500781514 /* Frameworks */,
				F04EBE131CE2330500781514 /* Headers */,
				F04EBE141CE2330500781514 /* Resources */,
			);
			buildRules = (
			);
			dependencies = (
			);
			name = DynamicObject;
			productName = DynamicObject;
			productReference = F04EBE161CE2330500781514 /* DynamicObject.framework */;
			productType = "com.apple.product-type.framework";
		};
		F04EBE1F1CE2330500781514 /* DynamicObjectTests */ = {
			isa = PBXNativeTarget;
			buildConfigurationList = F04EBE2D1CE2330500781514 /* Build configuration list for PBXNativeTarget "DynamicObjectTests" */;
			buildPhases = (
				F04EBE1C1CE2330500781514 /* Sources */,
				F04EBE1D1CE2330500781514 /* Frameworks */,
				F04EBE1E1CE2330500781514 /* Resources */,
			);
			buildRules = (
			);
			dependencies = (
				F04EBE231CE2330500781514 /* PBXTargetDependency */,
			);
			name = DynamicObjectTests;
			productName = DynamicObjectTests;
			productReference = F04EBE201CE2330500781514 /* DynamicObjectTests.xctest */;
			productType = "com.apple.product-type.bundle.unit-test";
		};
/* End PBXNativeTarget section */

/* Begin PBXProject section */
		F04EBE0D1CE2330500781514 /* Project object */ = {
			isa = PBXProject;
			attributes = {
				LastUpgradeCheck = 0730;
				ORGANIZATIONNAME = "UED Center";
				TargetAttributes = {
					F04EBE151CE2330500781514 = {
						CreatedOnToolsVersion = 7.3;
					};
					F04EBE1F1CE2330500781514 = {
						CreatedOnToolsVersion = 7.3;
					};
				};
			};
			buildConfigurationList = F04EBE101CE2330500781514 /* Build configuration list for PBXProject "DynamicObject" */;
			compatibilityVersion = "Xcode 3.2";
			developmentRegion = English;
			hasScannedForEncodings = 0;
			knownRegions = (
				en,
			);
			mainGroup = F04EBE0C1CE2330500781514;
			productRefGroup = F04EBE171CE2330500781514 /* Products */;
			projectDirPath = "";
			projectRoot = "";
			targets = (
				F04EBE151CE2330500781514 /* DynamicObject */,
				F04EBE1F1CE2330500781514 /* DynamicObjectTests */,
			);
		};
/* End PBXProject section */

/* Begin PBXResourcesBuildPhase section */
		F04EBE141CE2330500781514 /* Resources */ = {
			isa = PBXResourcesBuildPhase;
			buildActionMask = 2147483647;
			files = (
			);
			runOnlyForDeploymentPostprocessing = 0;
		};
		F04EBE1E1CE2330500781514 /* Resources */ = {
			isa = PBXResourcesBuildPhase;
			buildActionMask = 2147483647;
			files = (
			);
			runOnlyForDeploymentPostprocessing = 0;
		};
/* End PBXResourcesBuildPhase section */

/* Begin PBXSourcesBuildPhase section */
		F04EBE111CE2330500781514 /* Sources */ = {
			isa = PBXSourcesBuildPhase;
			buildActionMask = 2147483647;
			files = (
			);
			runOnlyForDeploymentPostprocessing = 0;
		};
		F04EBE1C1CE2330500781514 /* Sources */ = {
			isa = PBXSourcesBuildPhase;
			buildActionMask = 2147483647;
			files = (
				F04EBE261CE2330500781514 /* DynamicObjectTests.m in Sources */,
			);
			runOnlyForDeploymentPostprocessing = 0;
		};
/* End PBXSourcesBuildPhase section */

/* Begin PBXTargetDependency section */
		F04EBE231CE2330500781514 /* PBXTargetDependency */ = {
			isa = PBXTargetDependency;
			target = F04EBE151CE2330500781514 /* DynamicObject */;
			targetProxy = F04EBE221CE2330500781514 /* PBXContainerItemProxy */;
		};
/* End PBXTargetDependency section */

/* Begin XCBuildConfiguration section */
		F04EBE281CE2330500781514 /* Debug */ = {
			isa = XCBuildConfiguration;
			buildSettings = {
				ALWAYS_SEARCH_USER_PATHS = NO;
				CLANG_ANALYZER_NONNULL = YES;
				CLANG_CXX_LANGUAGE_STANDARD = "gnu++0x";
				CLANG_CXX_LIBRARY = "libc++";
				CLANG_ENABLE_MODULES = YES;
				CLANG_ENABLE_OBJC_ARC = YES;
				CLANG_WARN_BOOL_CONVERSION = YES;
				CLANG_WARN_CONSTANT_CONVERSION = YES;
				CLANG_WARN_DIRECT_OBJC_ISA_USAGE = YES_ERROR;
				CLANG_WARN_EMPTY_BODY = YES;
				CLANG_WARN_ENUM_CONVERSION = YES;
				CLANG_WARN_INT_CONVERSION = YES;
				CLANG_WARN_OBJC_ROOT_CLASS = YES_ERROR;
				CLANG_WARN_UNREACHABLE_CODE = YES;
				CLANG_WARN__DUPLICATE_METHOD_MATCH = YES;
				"CODE_SIGN_IDENTITY[sdk=iphoneos*]" = "iPhone Developer";
				COPY_PHASE_STRIP = NO;
				CURRENT_PROJECT_VERSION = 1;
				DEBUG_INFORMATION_FORMAT = dwarf;
				ENABLE_STRICT_OBJC_MSGSEND = YES;
				ENABLE_TESTABILITY = YES;
				GCC_C_LANGUAGE_STANDARD = gnu99;
				GCC_DYNAMIC_NO_PIC = NO;
				GCC_NO_COMMON_BLOCKS = YES;
				GCC_OPTIMIZATION_LEVEL = 0;
				GCC_PREPROCESSOR_DEFINITIONS = (
					"DEBUG=1",
					"$(inherited)",
				);
				GCC_WARN_64_TO_32_BIT_CONVERSION = YES;
				GCC_WARN_ABOUT_RETURN_TYPE = YES_ERROR;
				GCC_WARN_UNDECLARED_SELECTOR = YES;
				GCC_WARN_UNINITIALIZED_AUTOS = YES_AGGRESSIVE;
				GCC_WARN_UNUSED_FUNCTION = YES;
				GCC_WARN_UNUSED_VARIABLE = YES;
				IPHONEOS_DEPLOYMENT_TARGET = 9.3;
				MTL_ENABLE_DEBUG_INFO = YES;
				ONLY_ACTIVE_ARCH = YES;
				SDKROOT = iphoneos;
				TARGETED_DEVICE_FAMILY = "1,2";
				VERSIONING_SYSTEM = "apple-generic";
				VERSION_INFO_PREFIX = "";
			};
			name = Debug;
		};
		F04EBE291CE2330500781514 /* Release */ = {
			isa = XCBuildConfiguration;
			buildSettings = {
				ALWAYS_SEARCH_USER_PATHS = NO;
				CLANG_ANALYZER_NONNULL = YES;
				CLANG_CXX_LANGUAGE_STANDARD = "gnu++0x";
				CLANG_CXX_LIBRARY = "libc++";
				CLANG_ENABLE_MODULES = YES;
				CLANG_ENABLE_OBJC_ARC = YES;
				CLANG_WARN_BOOL_CONVERSION = YES;
				CLANG_WARN_CONSTANT_CONVERSION = YES;
				CLANG_WARN_DIRECT_OBJC_ISA_USAGE = YES_ERROR;
				CLANG_WARN_EMPTY_BODY = YES;
				CLANG_WARN_ENUM_CONVERSION = YES;
				CLANG_WARN_INT_CONVERSION = YES;
				CLANG_WARN_OBJC_ROOT_CLASS = YES_ERROR;
				CLANG_WARN_UNREACHABLE_CODE = YES;
				CLANG_WARN__DUPLICATE_METHOD_MATCH = YES;
				"CODE_SIGN_IDENTITY[sdk=iphoneos*]" = "iPhone Developer";
				COPY_PHASE_STRIP = NO;
				CURRENT_PROJECT_VERSION = 1;
				DEBUG_INFORMATION_FORMAT = "dwarf-with-dsym";
				ENABLE_NS_ASSERTIONS = NO;
				ENABLE_STRICT_OBJC_MSGSEND = YES;
				GCC_C_LANGUAGE_STANDARD = gnu99;
				GCC_NO_COMMON_BLOCKS = YES;
				GCC_WARN_64_TO_32_BIT_CONVERSION = YES;
				GCC_WARN_ABOUT_RETURN_TYPE = YES_ERROR;
				GCC_WARN_UNDECLARED_SELECTOR = YES;
				GCC_WARN_UNINITIALIZED_AUTOS = YES_AGGRESSIVE;
				GCC_WARN_UNUSED_FUNCTION = YES;
				GCC_WARN_UNUSED_VARIABLE = YES;
				IPHONEOS_DEPLOYMENT_TARGET = 9.3;
				MTL_ENABLE_DEBUG_INFO = NO;
				SDKROOT = iphoneos;
				TARGETED_DEVICE_FAMILY = "1,2";
				VALIDATE_PRODUCT = YES;
				VERSIONING_SYSTEM = "apple-generic";
				VERSION_INFO_PREFIX = "";
			};
			name = Release;
		};
		F04EBE2B1CE2330500781514 /* Debug */ = {
			isa = XCBuildConfiguration;
			buildSettings = {
				DEFINES_MODULE = YES;
				DYLIB_COMPATIBILITY_VERSION = 1;
				DYLIB_CURRENT_VERSION = 1;
				DYLIB_INSTALL_NAME_BASE = "@rpath";
				INFOPLIST_FILE = DynamicObject/Info.plist;
				INSTALL_PATH = "$(LOCAL_LIBRARY_DIR)/Frameworks";
				LD_RUNPATH_SEARCH_PATHS = "$(inherited) @executable_path/Frameworks @loader_path/Frameworks";
				PRODUCT_BUNDLE_IDENTIFIER = com.opensource.DynamicObject;
				PRODUCT_NAME = "$(TARGET_NAME)";
				SKIP_INSTALL = YES;
			};
			name = Debug;
		};
		F04EBE2C1CE2330500781514 /* Release */ = {
			isa = XCBuildConfiguration;
			buildSettings = {
				DEFINES_MODULE = YES;
				DYLIB_COMPATIBILITY_VERSION = 1;
				DYLIB_CURRENT_VERSION = 1;
				DYLIB_INSTALL_NAME_BASE = "@rpath";
				INFOPLIST_FILE = DynamicObject/Info.plist;
				INSTALL_PATH = "$(LOCAL_LIBRARY_DIR)/Frameworks";
				LD_RUNPATH_SEARCH_PATHS = "$(inherited) @executable_path/Frameworks @loader_path/Frameworks";
				PRODUCT_BUNDLE_IDENTIFIER = com.opensource.DynamicObject;
				PRODUCT_NAME = "$(TARGET_NAME)";
				SKIP_INSTALL = YES;
			};
			name = Release;
		};
		F04EBE2E1CE2330500781514 /* Debug */ = {
			isa = XCBuildConfiguration;
			buildSettings = {
				INFOPLIST_FILE = DynamicObjectTests/Info.plist;
				LD_RUNPATH_SEARCH_PATHS = "$(inherited) @executable_path/Frameworks @loader_path/Frameworks";
				PRODUCT_BUNDLE_IDENTIFIER = com.opensource.DynamicObjectTests;
				PRODUCT_NAME = "$(TARGET_NAME)";
			};
			name = Debug;
		};
		F04EBE2F1CE2330500781514 /* Release */ = {
			isa = XCBuildConfiguration;
			buildSettings = {
				INFOPLIST_FILE = DynamicObjectTests/Info.plist;
				LD_RUNPATH_SEARCH_PATHS = "$(inherited) @executable_path/Frameworks @loader_path/Frameworks";
				PRODUCT_BUNDLE_IDENTIFIER = com.opensource.DynamicObjectTests;
				PRODUCT_NAME = "$(TARGET_NAME)";
			};
			name = Release;
		};
/* End XCBuildConfiguration section */

/* Begin XCConfigurationList section */
		F04EBE101CE2330500781514 /* Build configuration list for PBXProject "DynamicObject" */ = {
			isa = XCConfigurationList;
			buildConfigurations = (
				F04EBE281CE2330500781514 /* Debug */,
				F04EBE291CE2330500781514 /* Release */,
			);
			defaultConfigurationIsVisible = 0;
			defaultConfigurationName = Release;
		};
		F04EBE2A1CE2330500781514 /* Build configuration list for PBXNativeTarget "DynamicObject" */ = {
			isa = XCConfigurationList;
			buildConfigurations = (
				F04EBE2B1CE2330500781514 /* Debug */,
				F04EBE2C1CE2330500781514 /* Release */,
			);
			defaultConfigurationIsVisible = 0;
		};
		F04EBE2D1CE2330500781514 /* Build configuration list for PBXNativeTarget "DynamicObjectTests" */ = {
			isa = XCConfigurationList;
			buildConfigurations = (
				F04EBE2E1CE2330500781514 /* Debug */,
				F04EBE2F1CE2330500781514 /* Release */,
			);
			defaultConfigurationIsVisible = 0;
		};
/* End XCConfigurationList section */
	};
	rootObject = F04EBE0D1CE2330500781514 /* Project object */;
}
